// !$*UTF8*$!
{
	archiveVersion = 1;
	classes = {
	};
	objectVersion = 48;
	objects = {

/* Begin PBXBuildFile section */
		B9502D551FC31A3D005D9A91 /* NavigationController.swift in Sources */ = {isa = PBXBuildFile; fileRef = B9502D541FC31A3D005D9A91 /* NavigationController.swift */; };
		B9502D571FC31C24005D9A91 /* SeasonPickerController.swift in Sources */ = {isa = PBXBuildFile; fileRef = B9502D561FC31C24005D9A91 /* SeasonPickerController.swift */; };
		B9502D591FC31CA6005D9A91 /* MainViewController.swift in Sources */ = {isa = PBXBuildFile; fileRef = B9502D581FC31CA6005D9A91 /* MainViewController.swift */; };
		B96547501FC2C701000C3F5F /* AppDelegate.swift in Sources */ = {isa = PBXBuildFile; fileRef = B965474F1FC2C701000C3F5F /* AppDelegate.swift */; };
		B96547571FC2C701000C3F5F /* Assets.xcassets in Resources */ = {isa = PBXBuildFile; fileRef = B96547561FC2C701000C3F5F /* Assets.xcassets */; };
		B965475A1FC2C701000C3F5F /* LaunchScreen.storyboard in Resources */ = {isa = PBXBuildFile; fileRef = B96547581FC2C701000C3F5F /* LaunchScreen.storyboard */; };
		B99A5DB01FC2CC8E0059FA34 /* 1242x2208.png in Resources */ = {isa = PBXBuildFile; fileRef = B99A5DAF1FC2CC8E0059FA34 /* 1242x2208.png */; };
/* End PBXBuildFile section */

/* Begin PBXFileReference section */
		B9502D541FC31A3D005D9A91 /* NavigationController.swift */ = {isa = PBXFileReference; lastKnownFileType = sourcecode.swift; path = NavigationController.swift; sourceTree = "<group>"; };
		B9502D561FC31C24005D9A91 /* SeasonPickerController.swift */ = {isa = PBXFileReference; lastKnownFileType = sourcecode.swift; path = SeasonPickerController.swift; sourceTree = "<group>"; };
		B9502D581FC31CA6005D9A91 /* MainViewController.swift */ = {isa = PBXFileReference; fileEncoding = 4; lastKnownFileType = sourcecode.swift; path = MainViewController.swift; sourceTree = "<group>"; };
		B965474C1FC2C701000C3F5F /* Tisdagsgolfen.app */ = {isa = PBXFileReference; explicitFileType = wrapper.application; includeInIndex = 0; path = Tisdagsgolfen.app; sourceTree = BUILT_PRODUCTS_DIR; };
		B965474F1FC2C701000C3F5F /* AppDelegate.swift */ = {isa = PBXFileReference; lastKnownFileType = sourcecode.swift; path = AppDelegate.swift; sourceTree = "<group>"; };
		B96547561FC2C701000C3F5F /* Assets.xcassets */ = {isa = PBXFileReference; lastKnownFileType = folder.assetcatalog; path = Assets.xcassets; sourceTree = "<group>"; };
		B96547591FC2C701000C3F5F /* Base */ = {isa = PBXFileReference; lastKnownFileType = file.storyboard; name = Base; path = Base.lproj/LaunchScreen.storyboard; sourceTree = "<group>"; };
		B965475B1FC2C701000C3F5F /* Info.plist */ = {isa = PBXFileReference; lastKnownFileType = text.plist.xml; path = Info.plist; sourceTree = "<group>"; };
		B99A5DAF1FC2CC8E0059FA34 /* 1242x2208.png */ = {isa = PBXFileReference; lastKnownFileType = image.png; path = 1242x2208.png; sourceTree = "<group>"; };
/* End PBXFileReference section */

/* Begin PBXFrameworksBuildPhase section */
		B96547491FC2C701000C3F5F /* Frameworks */ = {
			isa = PBXFrameworksBuildPhase;
			buildActionMask = 2147483647;
			files = (
			);
			runOnlyForDeploymentPostprocessing = 0;
		};
/* End PBXFrameworksBuildPhase section */

/* Begin PBXGroup section */
		B96547431FC2C701000C3F5F = {
			isa = PBXGroup;
			children = (
				B965474E1FC2C701000C3F5F /* Tisdagsgolfen */,
				B965474D1FC2C701000C3F5F /* Products */,
			);
			sourceTree = "<group>";
		};
		B965474D1FC2C701000C3F5F /* Products */ = {
			isa = PBXGroup;
			children = (
				B965474C1FC2C701000C3F5F /* Tisdagsgolfen.app */,
			);
			name = Products;
			sourceTree = "<group>";
		};
		B965474E1FC2C701000C3F5F /* Tisdagsgolfen */ = {
			isa = PBXGroup;
			children = (
				B9502D581FC31CA6005D9A91 /* MainViewController.swift */,
				B965474F1FC2C701000C3F5F /* AppDelegate.swift */,
				B96547561FC2C701000C3F5F /* Assets.xcassets */,
				B99A5DAF1FC2CC8E0059FA34 /* 1242x2208.png */,
				B96547581FC2C701000C3F5F /* LaunchScreen.storyboard */,
				B965475B1FC2C701000C3F5F /* Info.plist */,
				B9502D541FC31A3D005D9A91 /* NavigationController.swift */,
				B9502D561FC31C24005D9A91 /* SeasonPickerController.swift */,
			);
			path = Tisdagsgolfen;
			sourceTree = "<group>";
		};
/* End PBXGroup section */

/* Begin PBXNativeTarget section */
		B965474B1FC2C701000C3F5F /* Tisdagsgolfen */ = {
			isa = PBXNativeTarget;
			buildConfigurationList = B965475E1FC2C701000C3F5F /* Build configuration list for PBXNativeTarget "Tisdagsgolfen" */;
			buildPhases = (
				B96547481FC2C701000C3F5F /* Sources */,
				B96547491FC2C701000C3F5F /* Frameworks */,
				B965474A1FC2C701000C3F5F /* Resources */,
			);
			buildRules = (
			);
			dependencies = (
			);
			name = Tisdagsgolfen;
			productName = Tisdagsgolfen;
			productReference = B965474C1FC2C701000C3F5F /* Tisdagsgolfen.app */;
			productType = "com.apple.product-type.application";
		};
/* End PBXNativeTarget section */

/* Begin PBXProject section */
		B96547441FC2C701000C3F5F /* Project object */ = {
			isa = PBXProject;
			attributes = {
				LastSwiftUpdateCheck = 0910;
				LastUpgradeCheck = 0910;
				ORGANIZATIONNAME = "Kim Fransman";
				TargetAttributes = {
					B965474B1FC2C701000C3F5F = {
						CreatedOnToolsVersion = 9.1;
						ProvisioningStyle = Automatic;
					};
				};
			};
			buildConfigurationList = B96547471FC2C701000C3F5F /* Build configuration list for PBXProject "Tisdagsgolfen" */;
			compatibilityVersion = "Xcode 8.0";
			developmentRegion = en;
			hasScannedForEncodings = 0;
			knownRegions = (
				en,
				Base,
			);
			mainGroup = B96547431FC2C701000C3F5F;
			productRefGroup = B965474D1FC2C701000C3F5F /* Products */;
			projectDirPath = "";
			projectRoot = "";
			targets = (
				B965474B1FC2C701000C3F5F /* Tisdagsgolfen */,
			);
		};
/* End PBXProject section */

/* Begin PBXResourcesBuildPhase section */
		B965474A1FC2C701000C3F5F /* Resources */ = {
			isa = PBXResourcesBuildPhase;
			buildActionMask = 2147483647;
			files = (
				B965475A1FC2C701000C3F5F /* LaunchScreen.storyboard in Resources */,
				B99A5DB01FC2CC8E0059FA34 /* 1242x2208.png in Resources */,
				B96547571FC2C701000C3F5F /* Assets.xcassets in Resources */,
			);
			runOnlyForDeploymentPostprocessing = 0;
		};
/* End PBXResourcesBuildPhase section */

/* Begin PBXSourcesBuildPhase section */
		B96547481FC2C701000C3F5F /* Sources */ = {
			isa = PBXSourcesBuildPhase;
			buildActionMask = 2147483647;
			files = (
				B9502D551FC31A3D005D9A91 /* NavigationController.swift in Sources */,
				B9502D571FC31C24005D9A91 /* SeasonPickerController.swift in Sources */,
				B96547501FC2C701000C3F5F /* AppDelegate.swift in Sources */,
				B9502D591FC31CA6005D9A91 /* MainViewController.swift in Sources */,
			);
			runOnlyForDeploymentPostprocessing = 0;
		};
/* End PBXSourcesBuildPhase section */

/* Begin PBXVariantGroup section */
		B96547581FC2C701000C3F5F /* LaunchScreen.storyboard */ = {
			isa = PBXVariantGroup;
			children = (
				B96547591FC2C701000C3F5F /* Base */,
			);
			name = LaunchScreen.storyboard;
			sourceTree = "<group>";
		};
/* End PBXVariantGroup section */

/* Begin XCBuildConfiguration section */
		B965475C1FC2C701000C3F5F /* Debug */ = {
			isa = XCBuildConfiguration;
			buildSettings = {
				ALWAYS_SEARCH_USER_PATHS = NO;
				CLANG_ANALYZER_NONNULL = YES;
				CLANG_ANALYZER_NUMBER_OBJECT_CONVERSION = YES_AGGRESSIVE;
				CLANG_CXX_LANGUAGE_STANDARD = "gnu++14";
				CLANG_CXX_LIBRARY = "libc++";
				CLANG_ENABLE_MODULES = YES;
				CLANG_ENABLE_OBJC_ARC = YES;
				CLANG_WARN_BLOCK_CAPTURE_AUTORELEASING = YES;
				CLANG_WARN_BOOL_CONVERSION = YES;
				CLANG_WARN_COMMA = YES;
				CLANG_WARN_CONSTANT_CONVERSION = YES;
				CLANG_WARN_DIRECT_OBJC_ISA_USAGE = YES_ERROR;
				CLANG_WARN_DOCUMENTATION_COMMENTS = YES;
				CLANG_WARN_EMPTY_BODY = YES;
				CLANG_WARN_ENUM_CONVERSION = YES;
				CLANG_WARN_INFINITE_RECURSION = YES;
				CLANG_WARN_INT_CONVERSION = YES;
				CLANG_WARN_NON_LITERAL_NULL_CONVERSION = YES;
				CLANG_WARN_OBJC_LITERAL_CONVERSION = YES;
				CLANG_WARN_OBJC_ROOT_CLASS = YES_ERROR;
				CLANG_WARN_RANGE_LOOP_ANALYSIS = YES;
				CLANG_WARN_STRICT_PROTOTYPES = YES;
				CLANG_WARN_SUSPICIOUS_MOVE = YES;
				CLANG_WARN_UNGUARDED_AVAILABILITY = YES_AGGRESSIVE;
				CLANG_WARN_UNREACHABLE_CODE = YES;
				CLANG_WARN__DUPLICATE_METHOD_MATCH = YES;
				CODE_SIGN_IDENTITY = "iPhone Developer";
				COPY_PHASE_STRIP = NO;
				DEBUG_INFORMATION_FORMAT = dwarf;
				ENABLE_STRICT_OBJC_MSGSEND = YES;
				ENABLE_TESTABILITY = YES;
				GCC_C_LANGUAGE_STANDARD = gnu11;
				GCC_DYNAMIC_NO_PIC = NO;
				GCC_NO_COMMON_BLOCKS = YES;
				GCC_OPTIMIZATION_LEVEL = 0;
				GCC_PREPROCESSOR_DEFINITIONS = (
					"DEBUG=1",
					"$(inherited)",
				);
				GCC_WARN_64_TO_32_BIT_CONVERSION = YES;
				GCC_WARN_ABOUT_RETURN_TYPE = YES_ERROR;
				GCC_WARN_UNDECLARED_SELECTOR = YES;
				GCC_WARN_UNINITIALIZED_AUTOS = YES_AGGRESSIVE;
				GCC_WARN_UNUSED_FUNCTION = YES;
				GCC_WARN_UNUSED_VARIABLE = YES;
				IPHONEOS_DEPLOYMENT_TARGET = 11.1;
				MTL_ENABLE_DEBUG_INFO = YES;
				ONLY_ACTIVE_ARCH = YES;
				SDKROOT = iphoneos;
				SWIFT_ACTIVE_COMPILATION_CONDITIONS = DEBUG;
				SWIFT_OPTIMIZATION_LEVEL = "-Onone";
			};
			name = Debug;
		};
		B965475D1FC2C701000C3F5F /* Release */ = {
			isa = XCBuildConfiguration;
			buildSettings = {
				ALWAYS_SEARCH_USER_PATHS = NO;
				CLANG_ANALYZER_NONNULL = YES;
				CLANG_ANALYZER_NUMBER_OBJECT_CONVERSION = YES_AGGRESSIVE;
				CLANG_CXX_LANGUAGE_STANDARD = "gnu++14";
				CLANG_CXX_LIBRARY = "libc++";
				CLANG_ENABLE_MODULES = YES;
				CLANG_ENABLE_OBJC_ARC = YES;
				CLANG_WARN_BLOCK_CAPTURE_AUTORELEASING = YES;
				CLANG_WARN_BOOL_CONVERSION = YES;
				CLANG_WARN_COMMA = YES;
				CLANG_WARN_CONSTANT_CONVERSION = YES;
				CLANG_WARN_DIRECT_OBJC_ISA_USAGE = YES_ERROR;
				CLANG_WARN_DOCUMENTATION_COMMENTS = YES;
				CLANG_WARN_EMPTY_BODY = YES;
				CLANG_WARN_ENUM_CONVERSION = YES;
				CLANG_WARN_INFINITE_RECURSION = YES;
				CLANG_WARN_INT_CONVERSION = YES;
				CLANG_WARN_NON_LITERAL_NULL_CONVERSION = YES;
				CLANG_WARN_OBJC_LITERAL_CONVERSION = YES;
				CLANG_WARN_OBJC_ROOT_CLASS = YES_ERROR;
				CLANG_WARN_RANGE_LOOP_ANALYSIS = YES;
				CLANG_WARN_STRICT_PROTOTYPES = YES;
				CLANG_WARN_SUSPICIOUS_MOVE = YES;
				CLANG_WARN_UNGUARDED_AVAILABILITY = YES_AGGRESSIVE;
				CLANG_WARN_UNREACHABLE_CODE = YES;
				CLANG_WARN__DUPLICATE_METHOD_MATCH = YES;
				CODE_SIGN_IDENTITY = "iPhone Developer";
				COPY_PHASE_STRIP = NO;
				DEBUG_INFORMATION_FORMAT = "dwarf-with-dsym";
				ENABLE_NS_ASSERTIONS = NO;
				ENABLE_STRICT_OBJC_MSGSEND = YES;
				GCC_C_LANGUAGE_STANDARD = gnu11;
				GCC_NO_COMMON_BLOCKS = YES;
				GCC_WARN_64_TO_32_BIT_CONVERSION = YES;
				GCC_WARN_ABOUT_RETURN_TYPE = YES_ERROR;
				GCC_WARN_UNDECLARED_SELECTOR = YES;
				GCC_WARN_UNINITIALIZED_AUTOS = YES_AGGRESSIVE;
				GCC_WARN_UNUSED_FUNCTION = YES;
				GCC_WARN_UNUSED_VARIABLE = YES;
				IPHONEOS_DEPLOYMENT_TARGET = 11.1;
				MTL_ENABLE_DEBUG_INFO = NO;
				SDKROOT = iphoneos;
				SWIFT_OPTIMIZATION_LEVEL = "-Owholemodule";
				VALIDATE_PRODUCT = YES;
			};
			name = Release;
		};
		B965475F1FC2C701000C3F5F /* Debug */ = {
			isa = XCBuildConfiguration;
			buildSettings = {
				ASSETCATALOG_COMPILER_APPICON_NAME = AppIcon;
				CODE_SIGN_STYLE = Automatic;
				DEVELOPMENT_TEAM = 3ZCFLELL43;
				INFOPLIST_FILE = Tisdagsgolfen/Info.plist;
				LD_RUNPATH_SEARCH_PATHS = "$(inherited) @executable_path/Frameworks";
				PRODUCT_BUNDLE_IDENTIFIER = se.calces.Tisdagsgolfen;
				PRODUCT_NAME = "$(TARGET_NAME)";
				SWIFT_VERSION = 4.0;
				TARGETED_DEVICE_FAMILY = "1,2";
			};
			name = Debug;
		};
		B96547601FC2C701000C3F5F /* Release */ = {
			isa = XCBuildConfiguration;
			buildSettings = {
				ASSETCATALOG_COMPILER_APPICON_NAME = AppIcon;
				CODE_SIGN_STYLE = Automatic;
				DEVELOPMENT_TEAM = 3ZCFLELL43;
				INFOPLIST_FILE = Tisdagsgolfen/Info.plist;
				LD_RUNPATH_SEARCH_PATHS = "$(inherited) @executable_path/Frameworks";
				PRODUCT_BUNDLE_IDENTIFIER = se.calces.Tisdagsgolfen;
				PRODUCT_NAME = "$(TARGET_NAME)";
				SWIFT_VERSION = 4.0;
				TARGETED_DEVICE_FAMILY = "1,2";
			};
			name = Release;
		};
/* End XCBuildConfiguration section */

/* Begin XCConfigurationList section */
		B96547471FC2C701000C3F5F /* Build configuration list for PBXProject "Tisdagsgolfen" */ = {
			isa = XCConfigurationList;
			buildConfigurations = (
				B965475C1FC2C701000C3F5F /* Debug */,
				B965475D1FC2C701000C3F5F /* Release */,
			);
			defaultConfigurationIsVisible = 0;
			defaultConfigurationName = Release;
		};
		B965475E1FC2C701000C3F5F /* Build configuration list for PBXNativeTarget "Tisdagsgolfen" */ = {
			isa = XCConfigurationList;
			buildConfigurations = (
				B965475F1FC2C701000C3F5F /* Debug */,
				B96547601FC2C701000C3F5F /* Release */,
			);
			defaultConfigurationIsVisible = 0;
			defaultConfigurationName = Release;
		};
/* End XCConfigurationList section */
	};
	rootObject = B96547441FC2C701000C3F5F /* Project object */;
}
